<?xml version="1.0" encoding="utf-8"?>
<Project ToolsVersion="16.0" xmlns="http://schemas.microsoft.com/developer/msbuild/2003">
  <ItemGroup>
    <CustomBuild Include="C:\Users\hlavacs\Documents\GitHub\GameJobSystem\CMakeFiles\245ba47d1dddf242b8fad72457f35301\doxygen.rule">
      <Filter>CMake Rules</Filter>
    </CustomBuild>
    <CustomBuild Include="C:\Users\hlavacs\Documents\GitHub\GameJobSystem\CMakeLists.txt" />
  </ItemGroup>
  <ItemGroup>
    <None Include="C:\Users\hlavacs\Documents\GitHub\GameJobSystem\README.md" />
    <None Include="C:\Users\hlavacs\Documents\GitHub\GameJobSystem\CMakeFiles\doxygen" />
  </ItemGroup>
  <ItemGroup>
    <Filter Include="CMake Rules">
      <UniqueIdentifier>{EB914E0C-1207-38FF-A339-3880D995D9FB}</UniqueIdentifier>
    </Filter>
  </ItemGroup>
</Project>
