Microsoft Visual Studio Solution File, Format Version 12.00
# Visual Studio 16
Project("{8BC9CEB8-8B4A-11D0-8D11-00A0C91BC942}") = "ALL_BUILD", "ALL_BUILD.vcxproj", "{FB50212F-8374-3F6F-B1BB-0DF3A974AC20}"
	ProjectSection(ProjectDependencies) = postProject
		{CC1717FA-FC40-3F55-8F1F-151EF03BC8A2} = {CC1717FA-FC40-3F55-8F1F-151EF03BC8A2}
		{78EDB690-4870-3D03-A6C4-7998C63CEA41} = {78EDB690-4870-3D03-A6C4-7998C63CEA41}
		{A961E99E-1144-3880-9F27-932AC6C82B97} = {A961E99E-1144-3880-9F27-932AC6C82B97}
		{0B677A66-C33E-3925-B427-2BA95E9C33DF} = {0B677A66-C33E-3925-B427-2BA95E9C33DF}
		{E22810E2-5471-3918-9BDA-DE3928E985E4} = {E22810E2-5471-3918-9BDA-DE3928E985E4}
	EndProjectSection
EndProject
Project("{8BC9CEB8-8B4A-11D0-8D11-00A0C91BC942}") = "ZERO_CHECK", "ZERO_CHECK.vcxproj", "{CC1717FA-FC40-3F55-8F1F-151EF03BC8A2}"
	ProjectSection(ProjectDependencies) = postProject
	EndProjectSection
EndProject
Project("{8BC9CEB8-8B4A-11D0-8D11-00A0C91BC942}") = "docu", "examples\docu\docu.vcxproj", "{78EDB690-4870-3D03-A6C4-7998C63CEA41}"
	ProjectSection(ProjectDependencies) = postProject
		{CC1717FA-FC40-3F55-8F1F-151EF03BC8A2} = {CC1717FA-FC40-3F55-8F1F-151EF03BC8A2}
	EndProjectSection
EndProject
Project("{8BC9CEB8-8B4A-11D0-8D11-00A0C91BC942}") = "examples", "examples\examples\examples.vcxproj", "{A961E99E-1144-3880-9F27-932AC6C82B97}"
	ProjectSection(ProjectDependencies) = postProject
		{CC1717FA-FC40-3F55-8F1F-151EF03BC8A2} = {CC1717FA-FC40-3F55-8F1F-151EF03BC8A2}
	EndProjectSection
EndProject
Project("{8BC9CEB8-8B4A-11D0-8D11-00A0C91BC942}") = "performance", "examples\performance\performance.vcxproj", "{0B677A66-C33E-3925-B427-2BA95E9C33DF}"
	ProjectSection(ProjectDependencies) = postProject
		{CC1717FA-FC40-3F55-8F1F-151EF03BC8A2} = {CC1717FA-FC40-3F55-8F1F-151EF03BC8A2}
	EndProjectSection
EndProject
Project("{8BC9CEB8-8B4A-11D0-8D11-00A0C91BC942}") = "test", "examples\test\test.vcxproj", "{E22810E2-5471-3918-9BDA-DE3928E985E4}"
	ProjectSection(ProjectDependencies) = postProject
		{CC1717FA-FC40-3F55-8F1F-151EF03BC8A2} = {CC1717FA-FC40-3F55-8F1F-151EF03BC8A2}
	EndProjectSection
EndProject
Global
	GlobalSection(SolutionConfigurationPlatforms) = preSolution
		Debug|x64 = Debug|x64
		Release|x64 = Release|x64
		MinSizeRel|x64 = MinSizeRel|x64
		RelWithDebInfo|x64 = RelWithDebInfo|x64
	EndGlobalSection
	GlobalSection(ProjectConfigurationPlatforms) = postSolution
		{FB50212F-8374-3F6F-B1BB-0DF3A974AC20}.Debug|x64.ActiveCfg = Debug|x64
		{FB50212F-8374-3F6F-B1BB-0DF3A974AC20}.Release|x64.ActiveCfg = Release|x64
		{FB50212F-8374-3F6F-B1BB-0DF3A974AC20}.MinSizeRel|x64.ActiveCfg = MinSizeRel|x64
		{FB50212F-8374-3F6F-B1BB-0DF3A974AC20}.RelWithDebInfo|x64.ActiveCfg = RelWithDebInfo|x64
		{CC1717FA-FC40-3F55-8F1F-151EF03BC8A2}.Debug|x64.ActiveCfg = Debug|x64
		{CC1717FA-FC40-3F55-8F1F-151EF03BC8A2}.Debug|x64.Build.0 = Debug|x64
		{CC1717FA-FC40-3F55-8F1F-151EF03BC8A2}.Release|x64.ActiveCfg = Release|x64
		{CC1717FA-FC40-3F55-8F1F-151EF03BC8A2}.Release|x64.Build.0 = Release|x64
		{CC1717FA-FC40-3F55-8F1F-151EF03BC8A2}.MinSizeRel|x64.ActiveCfg = MinSizeRel|x64
		{CC1717FA-FC40-3F55-8F1F-151EF03BC8A2}.MinSizeRel|x64.Build.0 = MinSizeRel|x64
		{CC1717FA-FC40-3F55-8F1F-151EF03BC8A2}.RelWithDebInfo|x64.ActiveCfg = RelWithDebInfo|x64
		{CC1717FA-FC40-3F55-8F1F-151EF03BC8A2}.RelWithDebInfo|x64.Build.0 = RelWithDebInfo|x64
		{78EDB690-4870-3D03-A6C4-7998C63CEA41}.Debug|x64.ActiveCfg = Debug|x64
		{78EDB690-4870-3D03-A6C4-7998C63CEA41}.Debug|x64.Build.0 = Debug|x64
		{78EDB690-4870-3D03-A6C4-7998C63CEA41}.Release|x64.ActiveCfg = Release|x64
		{78EDB690-4870-3D03-A6C4-7998C63CEA41}.Release|x64.Build.0 = Release|x64
		{78EDB690-4870-3D03-A6C4-7998C63CEA41}.MinSizeRel|x64.ActiveCfg = MinSizeRel|x64
		{78EDB690-4870-3D03-A6C4-7998C63CEA41}.MinSizeRel|x64.Build.0 = MinSizeRel|x64
		{78EDB690-4870-3D03-A6C4-7998C63CEA41}.RelWithDebInfo|x64.ActiveCfg = RelWithDebInfo|x64
		{78EDB690-4870-3D03-A6C4-7998C63CEA41}.RelWithDebInfo|x64.Build.0 = RelWithDebInfo|x64
		{A961E99E-1144-3880-9F27-932AC6C82B97}.Debug|x64.ActiveCfg = Debug|x64
		{A961E99E-1144-3880-9F27-932AC6C82B97}.Debug|x64.Build.0 = Debug|x64
		{A961E99E-1144-3880-9F27-932AC6C82B97}.Release|x64.ActiveCfg = Release|x64
		{A961E99E-1144-3880-9F27-932AC6C82B97}.Release|x64.Build.0 = Release|x64
		{A961E99E-1144-3880-9F27-932AC6C82B97}.MinSizeRel|x64.ActiveCfg = MinSizeRel|x64
		{A961E99E-1144-3880-9F27-932AC6C82B97}.MinSizeRel|x64.Build.0 = MinSizeRel|x64
		{A961E99E-1144-3880-9F27-932AC6C82B97}.RelWithDebInfo|x64.ActiveCfg = RelWithDebInfo|x64
		{A961E99E-1144-3880-9F27-932AC6C82B97}.RelWithDebInfo|x64.Build.0 = RelWithDebInfo|x64
		{0B677A66-C33E-3925-B427-2BA95E9C33DF}.Debug|x64.ActiveCfg = Debug|x64
		{0B677A66-C33E-3925-B427-2BA95E9C33DF}.Debug|x64.Build.0 = Debug|x64
		{0B677A66-C33E-3925-B427-2BA95E9C33DF}.Release|x64.ActiveCfg = Release|x64
		{0B677A66-C33E-3925-B427-2BA95E9C33DF}.Release|x64.Build.0 = Release|x64
		{0B677A66-C33E-3925-B427-2BA95E9C33DF}.MinSizeRel|x64.ActiveCfg = MinSizeRel|x64
		{0B677A66-C33E-3925-B427-2BA95E9C33DF}.MinSizeRel|x64.Build.0 = MinSizeRel|x64
		{0B677A66-C33E-3925-B427-2BA95E9C33DF}.RelWithDebInfo|x64.ActiveCfg = RelWithDebInfo|x64
		{0B677A66-C33E-3925-B427-2BA95E9C33DF}.RelWithDebInfo|x64.Build.0 = RelWithDebInfo|x64
		{E22810E2-5471-3918-9BDA-DE3928E985E4}.Debug|x64.ActiveCfg = Debug|x64
		{E22810E2-5471-3918-9BDA-DE3928E985E4}.Debug|x64.Build.0 = Debug|x64
		{E22810E2-5471-3918-9BDA-DE3928E985E4}.Release|x64.ActiveCfg = Release|x64
		{E22810E2-5471-3918-9BDA-DE3928E985E4}.Release|x64.Build.0 = Release|x64
		{E22810E2-5471-3918-9BDA-DE3928E985E4}.MinSizeRel|x64.ActiveCfg = MinSizeRel|x64
		{E22810E2-5471-3918-9BDA-DE3928E985E4}.MinSizeRel|x64.Build.0 = MinSizeRel|x64
		{E22810E2-5471-3918-9BDA-DE3928E985E4}.RelWithDebInfo|x64.ActiveCfg = RelWithDebInfo|x64
		{E22810E2-5471-3918-9BDA-DE3928E985E4}.RelWithDebInfo|x64.Build.0 = RelWithDebInfo|x64
	EndGlobalSection
	GlobalSection(ExtensibilityGlobals) = postSolution
		SolutionGuid = {5B74C6F2-A245-317D-B865-8D9B7662F53F}
	EndGlobalSection
	GlobalSection(ExtensibilityAddIns) = postSolution
	EndGlobalSection
EndGlobal
