<?xml version="1.0" encoding="utf-8"?>
<Project ToolsVersion="16.0" xmlns="http://schemas.microsoft.com/developer/msbuild/2003">
  <ItemGroup>
    <ClCompile Include="D:\data\Vulkan\GameJobSystem\examples\docu\docu.cpp">
      <Filter>Source Files</Filter>
    </ClCompile>
  </ItemGroup>
  <ItemGroup>
    <ClInclude Include="D:\data\Vulkan\GameJobSystem\include\VGJS.h">
      <Filter>Header Files</Filter>
    </ClInclude>
    <ClInclude Include="D:\data\Vulkan\GameJobSystem\include\VGJSCoro.h">
      <Filter>Header Files</Filter>
    </ClInclude>
  </ItemGroup>
  <ItemGroup>
    <CustomBuild Include="D:\data\Vulkan\GameJobSystem\examples\docu\CMakeLists.txt" />
  </ItemGroup>
  <ItemGroup>
    <Filter Include="Header Files">
      <UniqueIdentifier>{9602A2DC-5365-39B0-91A2-8ED17214CECC}</UniqueIdentifier>
    </Filter>
    <Filter Include="Source Files">
      <UniqueIdentifier>{C070D857-B8C6-3DF4-A696-F5F0D3EFFFD5}</UniqueIdentifier>
    </Filter>
  </ItemGroup>
</Project>
