<?xml version="1.0" encoding="utf-8"?>
<Project ToolsVersion="4.0" xmlns="http://schemas.microsoft.com/developer/msbuild/2003">
  <ItemGroup>
    <Filter Include="Quelldateien">
      <UniqueIdentifier>{4FC737F1-C7A5-4376-A066-2A32D752A2FF}</UniqueIdentifier>
      <Extensions>cpp;c;cc;cxx;def;odl;idl;hpj;bat;asm;asmx</Extensions>
    </Filter>
    <Filter Include="Headerdateien">
      <UniqueIdentifier>{93995380-89BD-4b04-88EB-625FBE52EBFB}</UniqueIdentifier>
      <Extensions>h;hh;hpp;hxx;hm;inl;inc;xsd</Extensions>
    </Filter>
    <Filter Include="Quelldateien\cppcoro">
      <UniqueIdentifier>{8124fd3b-f9ac-4810-bcc5-6499a0be8c42}</UniqueIdentifier>
    </Filter>
    <Filter Include="Headerdateien\cppcoro">
      <UniqueIdentifier>{97d1cc4f-0383-48ae-887c-bb9d603bbc25}</UniqueIdentifier>
    </Filter>
  </ItemGroup>
  <ItemGroup>
    <ClCompile Include="main.cpp">
      <Filter>Quelldateien</Filter>
    </ClCompile>
    <ClCompile Include="gameloop.cpp">
      <Filter>Quelldateien</Filter>
    </ClCompile>
    <ClCompile Include="coro.cpp">
      <Filter>Quelldateien</Filter>
    </ClCompile>
    <ClCompile Include="..\external\cppcoro\src\async_auto_reset_event.cpp">
      <Filter>Quelldateien\cppcoro</Filter>
    </ClCompile>
    <ClCompile Include="..\external\cppcoro\src\async_manual_reset_event.cpp">
      <Filter>Quelldateien\cppcoro</Filter>
    </ClCompile>
    <ClCompile Include="..\external\cppcoro\src\async_mutex.cpp">
      <Filter>Quelldateien\cppcoro</Filter>
    </ClCompile>
    <ClCompile Include="..\external\cppcoro\src\auto_reset_event.cpp">
      <Filter>Quelldateien\cppcoro</Filter>
    </ClCompile>
    <ClCompile Include="..\external\cppcoro\src\cancellation_registration.cpp">
      <Filter>Quelldateien\cppcoro</Filter>
    </ClCompile>
    <ClCompile Include="..\external\cppcoro\src\cancellation_source.cpp">
      <Filter>Quelldateien\cppcoro</Filter>
    </ClCompile>
    <ClCompile Include="..\external\cppcoro\src\cancellation_state.cpp">
      <Filter>Quelldateien\cppcoro</Filter>
    </ClCompile>
    <ClCompile Include="..\external\cppcoro\src\cancellation_token.cpp">
      <Filter>Quelldateien\cppcoro</Filter>
    </ClCompile>
    <ClCompile Include="..\external\cppcoro\src\file.cpp">
      <Filter>Quelldateien\cppcoro</Filter>
    </ClCompile>
    <ClCompile Include="..\external\cppcoro\src\file_read_operation.cpp">
      <Filter>Quelldateien\cppcoro</Filter>
    </ClCompile>
    <ClCompile Include="..\external\cppcoro\src\file_write_operation.cpp">
      <Filter>Quelldateien\cppcoro</Filter>
    </ClCompile>
    <ClCompile Include="..\external\cppcoro\src\io_service.cpp">
      <Filter>Quelldateien\cppcoro</Filter>
    </ClCompile>
    <ClCompile Include="..\external\cppcoro\src\ip_address.cpp">
      <Filter>Quelldateien\cppcoro</Filter>
    </ClCompile>
    <ClCompile Include="..\external\cppcoro\src\ip_endpoint.cpp">
      <Filter>Quelldateien\cppcoro</Filter>
    </ClCompile>
    <ClCompile Include="..\external\cppcoro\src\ipv4_address.cpp">
      <Filter>Quelldateien\cppcoro</Filter>
    </ClCompile>
    <ClCompile Include="..\external\cppcoro\src\ipv4_endpoint.cpp">
      <Filter>Quelldateien\cppcoro</Filter>
    </ClCompile>
    <ClCompile Include="..\external\cppcoro\src\ipv6_address.cpp">
      <Filter>Quelldateien\cppcoro</Filter>
    </ClCompile>
    <ClCompile Include="..\external\cppcoro\src\ipv6_endpoint.cpp">
      <Filter>Quelldateien\cppcoro</Filter>
    </ClCompile>
    <ClCompile Include="..\external\cppcoro\src\lightweight_manual_reset_event.cpp">
      <Filter>Quelldateien\cppcoro</Filter>
    </ClCompile>
    <ClCompile Include="..\external\cppcoro\src\read_only_file.cpp">
      <Filter>Quelldateien\cppcoro</Filter>
    </ClCompile>
    <ClCompile Include="..\external\cppcoro\src\read_write_file.cpp">
      <Filter>Quelldateien\cppcoro</Filter>
    </ClCompile>
    <ClCompile Include="..\external\cppcoro\src\readable_file.cpp">
      <Filter>Quelldateien\cppcoro</Filter>
    </ClCompile>
    <ClCompile Include="..\external\cppcoro\src\socket.cpp">
      <Filter>Quelldateien\cppcoro</Filter>
    </ClCompile>
    <ClCompile Include="..\external\cppcoro\src\socket_accept_operation.cpp">
      <Filter>Quelldateien\cppcoro</Filter>
    </ClCompile>
    <ClCompile Include="..\external\cppcoro\src\socket_connect_operation.cpp">
      <Filter>Quelldateien\cppcoro</Filter>
    </ClCompile>
    <ClCompile Include="..\external\cppcoro\src\socket_disconnect_operation.cpp">
      <Filter>Quelldateien\cppcoro</Filter>
    </ClCompile>
    <ClCompile Include="..\external\cppcoro\src\socket_helpers.cpp">
      <Filter>Quelldateien\cppcoro</Filter>
    </ClCompile>
    <ClCompile Include="..\external\cppcoro\src\socket_recv_from_operation.cpp">
      <Filter>Quelldateien\cppcoro</Filter>
    </ClCompile>
    <ClCompile Include="..\external\cppcoro\src\socket_recv_operation.cpp">
      <Filter>Quelldateien\cppcoro</Filter>
    </ClCompile>
    <ClCompile Include="..\external\cppcoro\src\socket_send_operation.cpp">
      <Filter>Quelldateien\cppcoro</Filter>
    </ClCompile>
    <ClCompile Include="..\external\cppcoro\src\socket_send_to_operation.cpp">
      <Filter>Quelldateien\cppcoro</Filter>
    </ClCompile>
    <ClCompile Include="..\external\cppcoro\src\spin_mutex.cpp">
      <Filter>Quelldateien\cppcoro</Filter>
    </ClCompile>
    <ClCompile Include="..\external\cppcoro\src\spin_wait.cpp">
      <Filter>Quelldateien\cppcoro</Filter>
    </ClCompile>
    <ClCompile Include="..\external\cppcoro\src\static_thread_pool.cpp">
      <Filter>Quelldateien\cppcoro</Filter>
    </ClCompile>
    <ClCompile Include="..\external\cppcoro\src\win32.cpp">
      <Filter>Quelldateien\cppcoro</Filter>
    </ClCompile>
    <ClCompile Include="..\external\cppcoro\src\writable_file.cpp">
      <Filter>Quelldateien\cppcoro</Filter>
    </ClCompile>
    <ClCompile Include="..\external\cppcoro\src\write_only_file.cpp">
      <Filter>Quelldateien\cppcoro</Filter>
    </ClCompile>
    <ClCompile Include="cppcoro.cpp">
      <Filter>Quelldateien</Filter>
    </ClCompile>
  </ItemGroup>
  <ItemGroup>
    <ClInclude Include="VEGameJobSystem.h">
      <Filter>Headerdateien</Filter>
    </ClInclude>
    <ClInclude Include="VEUtilClock.h">
      <Filter>Headerdateien</Filter>
    </ClInclude>
    <ClInclude Include="VEGameJobSystem2.h">
      <Filter>Headerdateien</Filter>
    </ClInclude>
    <ClInclude Include="..\external\cppcoro\src\auto_reset_event.hpp">
      <Filter>Quelldateien\cppcoro</Filter>
    </ClInclude>
    <ClInclude Include="..\external\cppcoro\src\cancellation_state.hpp">
      <Filter>Quelldateien\cppcoro</Filter>
    </ClInclude>
    <ClInclude Include="..\external\cppcoro\src\socket_helpers.hpp">
      <Filter>Quelldateien\cppcoro</Filter>
    </ClInclude>
    <ClInclude Include="..\external\cppcoro\src\spin_mutex.hpp">
      <Filter>Quelldateien\cppcoro</Filter>
    </ClInclude>
    <ClInclude Include="..\external\cppcoro\src\spin_wait.hpp">
      <Filter>Quelldateien\cppcoro</Filter>
    </ClInclude>
  </ItemGroup>
</Project>